{
  "name": "factorio_software_automation",
  "lockfileVersion": 3,
  "requires": true,
  "packages": {
    "": {
      "dependencies": {
        "openai": "file:../../../../codex"
      }
    },
    "../../../../codex": {},
    "node_modules/openai": {
      "resolved": "../../../../codex",
      "link": true
    }
  }
}
